
Microsoft Visual Studio Solution File, Format Version 12.00
Project("{FAE04EC0-301F-11D3-BF4B-00C04F79EFBC}") = "Client", "Client\Client.csproj", "{24CCFEC9-D222-447B-A7B5-F64C1E7FFBC2}"
EndProject
Project("{FAE04EC0-301F-11D3-BF4B-00C04F79EFBC}") = "MainServer", "MainServer\MainServer.csproj", "{9760FF0B-0251-4E52-9A66-142B8D9417D8}"
EndProject
Global
	GlobalSection(SolutionConfigurationPlatforms) = preSolution
		Debug|Any CPU = Debug|Any CPU
		Release|Any CPU = Release|Any CPU
	EndGlobalSection
	GlobalSection(ProjectConfigurationPlatforms) = postSolution
		{24CCFEC9-D222-447B-A7B5-F64C1E7FFBC2}.Debug|Any CPU.ActiveCfg = Debug|Any CPU
		{24CCFEC9-D222-447B-A7B5-F64C1E7FFBC2}.Debug|Any CPU.Build.0 = Debug|Any CPU
		{24CCFEC9-D222-447B-A7B5-F64C1E7FFBC2}.Release|Any CPU.ActiveCfg = Release|Any CPU
		{24CCFEC9-D222-447B-A7B5-F64C1E7FFBC2}.Release|Any CPU.Build.0 = Release|Any CPU
		{9760FF0B-0251-4E52-9A66-142B8D9417D8}.Debug|Any CPU.ActiveCfg = Debug|Any CPU
		{9760FF0B-0251-4E52-9A66-142B8D9417D8}.Debug|Any CPU.Build.0 = Debug|Any CPU
		{9760FF0B-0251-4E52-9A66-142B8D9417D8}.Release|Any CPU.ActiveCfg = Release|Any CPU
		{9760FF0B-0251-4E52-9A66-142B8D9417D8}.Release|Any CPU.Build.0 = Release|Any CPU
	EndGlobalSection
EndGlobal
